<?xml version="1.0" encoding="utf-8"?><WorkWithAttributesConfig xmlns:xsi="http://www.w3.org/2001/XMLSchema-instance" xmlns:xsd="http://www.w3.org/2001/XMLSchema"><Pattern>ttbus2_o</Pattern><Type /><ShowAll>false</ShowAll><TypeObject /><Object /><ShowMore>false</ShowMore><ColumnNameSize>109</ColumnNameSize><ColumnTypeSize>443</ColumnTypeSize><ColumnDescriptionSize>255</ColumnDescriptionSize><FormWidth>873</FormWidth><FormHeigth>591</FormHeigth></WorkWithAttributesConfig>