<?xml version="1.0" encoding="utf-8"?><WorkWithObjectsConfig xmlns:xsi="http://www.w3.org/2001/XMLSchema-instance" xmlns:xsd="http://www.w3.org/2001/XMLSchema"><Pattern>LUGAR</Pattern><Type>*ALL</Type><ShowAll>false</ShowAll><WSObjectsNames /><WSObjectsTypes /><ShowMore>false</ShowMore><Category>*ALL</Category><Folder>*ALL</Folder><ModifiedBy>false</ModifiedBy><Search /><UserName /><DateTypeFilter /><DateFilter>0001-01-01T00:00:00</DateFilter><ColumnNameSize>166</ColumnNameSize><ColumnTypeSize>130</ColumnTypeSize><ColumnDescriptionSize>300</ColumnDescriptionSize><ColumnDateSize>93</ColumnDateSize><ColumnUserSize>85</ColumnUserSize><ColumnImportDateSize>135</ColumnImportDateSize><ColumnSpecifiedDateSize>135</ColumnSpecifiedDateSize><FormWidth>949</FormWidth><FormHeigth>602</FormHeigth></WorkWithObjectsConfig>